// !$*UTF8*$!
{
	archiveVersion = 1;
	classes = {
	};
	objectVersion = 77;
	objects = {

/* Begin PBXBuildFile section */
		5400309D2D0C33A700F56D75 /* FirebaseAnalytics in Frameworks */ = {isa = PBXBuildFile; productRef = 5400309C2D0C33A700F56D75 /* FirebaseAnalytics */; };
		54A3BDED2D004318004FB071 /* SFSymbols in Frameworks */ = {isa = PBXBuildFile; productRef = 54A3BDEC2D004318004FB071 /* SFSymbols */; };
		EFF3A6DBD1C9AE6F52890546 /* Pods_WidgetsCollection.framework in Frameworks */ = {isa = PBXBuildFile; fileRef = AE0870E5B0344C379332D2AE /* Pods_WidgetsCollection.framework */; };
/* End PBXBuildFile section */

/* Begin PBXFileReference section */
		04DA310F5AA11C007E59BBD9 /* Pods-WidgetsCollection.release.xcconfig */ = {isa = PBXFileReference; includeInIndex = 1; lastKnownFileType = text.xcconfig; name = "Pods-WidgetsCollection.release.xcconfig"; path = "Target Support Files/Pods-WidgetsCollection/Pods-WidgetsCollection.release.xcconfig"; sourceTree = "<group>"; };
		5480DE8A2CF9653A00C21D67 /* WidgetsCollection.app */ = {isa = PBXFileReference; explicitFileType = wrapper.application; includeInIndex = 0; path = WidgetsCollection.app; sourceTree = BUILT_PRODUCTS_DIR; };
		AE0870E5B0344C379332D2AE /* Pods_WidgetsCollection.framework */ = {isa = PBXFileReference; explicitFileType = wrapper.framework; includeInIndex = 0; path = Pods_WidgetsCollection.framework; sourceTree = BUILT_PRODUCTS_DIR; };
		FC915174FB2F9AF41EAD11DE /* Pods-WidgetsCollection.debug.xcconfig */ = {isa = PBXFileReference; includeInIndex = 1; lastKnownFileType = text.xcconfig; name = "Pods-WidgetsCollection.debug.xcconfig"; path = "Target Support Files/Pods-WidgetsCollection/Pods-WidgetsCollection.debug.xcconfig"; sourceTree = "<group>"; };
/* End PBXFileReference section */

/* Begin PBXFileSystemSynchronizedBuildFileExceptionSet section */
		5480DE9C2CF9653A00C21D67 /* Exceptions for "WidgetsCollection" folder in "WidgetsCollection" target */ = {
			isa = PBXFileSystemSynchronizedBuildFileExceptionSet;
			membershipExceptions = (
				Info.plist,
			);
			target = 5480DE892CF9653A00C21D67 /* WidgetsCollection */;
		};
/* End PBXFileSystemSynchronizedBuildFileExceptionSet section */

/* Begin PBXFileSystemSynchronizedRootGroup section */
		5480DE8C2CF9653A00C21D67 /* WidgetsCollection */ = {
			isa = PBXFileSystemSynchronizedRootGroup;
			exceptions = (
				5480DE9C2CF9653A00C21D67 /* Exceptions for "WidgetsCollection" folder in "WidgetsCollection" target */,
			);
			path = WidgetsCollection;
			sourceTree = "<group>";
		};
/* End PBXFileSystemSynchronizedRootGroup section */

/* Begin PBXFrameworksBuildPhase section */
		5480DE872CF9653A00C21D67 /* Frameworks */ = {
			isa = PBXFrameworksBuildPhase;
			buildActionMask = 2147483647;
			files = (
				54A3BDED2D004318004FB071 /* SFSymbols in Frameworks */,
				5400309D2D0C33A700F56D75 /* FirebaseAnalytics in Frameworks */,
				EFF3A6DBD1C9AE6F52890546 /* Pods_WidgetsCollection.framework in Frameworks */,
			);
			runOnlyForDeploymentPostprocessing = 0;
		};
/* End PBXFrameworksBuildPhase section */

/* Begin PBXGroup section */
		3CFA29D7EEC20CB125273C36 /* Pods */ = {
			isa = PBXGroup;
			children = (
				FC915174FB2F9AF41EAD11DE /* Pods-WidgetsCollection.debug.xcconfig */,
				04DA310F5AA11C007E59BBD9 /* Pods-WidgetsCollection.release.xcconfig */,
			);
			path = Pods;
			sourceTree = "<group>";
		};
		5480DE812CF9653A00C21D67 = {
			isa = PBXGroup;
			children = (
				5480DE8C2CF9653A00C21D67 /* WidgetsCollection */,
				5480DE8B2CF9653A00C21D67 /* Products */,
				3CFA29D7EEC20CB125273C36 /* Pods */,
				996AB198A774352B94F6273E /* Frameworks */,
			);
			sourceTree = "<group>";
		};
		5480DE8B2CF9653A00C21D67 /* Products */ = {
			isa = PBXGroup;
			children = (
				5480DE8A2CF9653A00C21D67 /* WidgetsCollection.app */,
			);
			name = Products;
			sourceTree = "<group>";
		};
		996AB198A774352B94F6273E /* Frameworks */ = {
			isa = PBXGroup;
			children = (
				AE0870E5B0344C379332D2AE /* Pods_WidgetsCollection.framework */,
			);
			name = Frameworks;
			sourceTree = "<group>";
		};
/* End PBXGroup section */

/* Begin PBXNativeTarget section */
		5480DE892CF9653A00C21D67 /* WidgetsCollection */ = {
			isa = PBXNativeTarget;
			buildConfigurationList = 5480DE9D2CF9653A00C21D67 /* Build configuration list for PBXNativeTarget "WidgetsCollection" */;
			buildPhases = (
				1A02E4B76C6ADACF602EAC6E /* [CP] Check Pods Manifest.lock */,
				5480E1CB2CF968D600C21D67 /* R.Swift */,
				5480DE862CF9653A00C21D67 /* Sources */,
				5480DE872CF9653A00C21D67 /* Frameworks */,
				5480DE882CF9653A00C21D67 /* Resources */,
				7C064C196B7B818235613402 /* [CP] Embed Pods Frameworks */,
			);
			buildRules = (
			);
			dependencies = (
			);
			fileSystemSynchronizedGroups = (
				5480DE8C2CF9653A00C21D67 /* WidgetsCollection */,
			);
			name = WidgetsCollection;
			productName = WidgetsCollection;
			productReference = 5480DE8A2CF9653A00C21D67 /* WidgetsCollection.app */;
			productType = "com.apple.product-type.application";
		};
/* End PBXNativeTarget section */

/* Begin PBXProject section */
		5480DE822CF9653A00C21D67 /* Project object */ = {
			isa = PBXProject;
			attributes = {
				BuildIndependentTargetsInParallel = 1;
				LastSwiftUpdateCheck = 1610;
				LastUpgradeCheck = 1610;
				TargetAttributes = {
					5480DE892CF9653A00C21D67 = {
						CreatedOnToolsVersion = 16.1;
						LastSwiftMigration = 1610;
					};
				};
			};
			buildConfigurationList = 5480DE852CF9653A00C21D67 /* Build configuration list for PBXProject "WidgetsCollection" */;
			developmentRegion = en;
			hasScannedForEncodings = 0;
			knownRegions = (
				en,
				Base,
				"zh-Hans",
				"zh-HK",
				es,
			);
			mainGroup = 5480DE812CF9653A00C21D67;
			minimizedProjectReferenceProxies = 1;
			packageReferences = (
				54A3BDEB2D004318004FB071 /* XCRemoteSwiftPackageReference "SFSymbols" */,
				5400309B2D0C33A700F56D75 /* XCRemoteSwiftPackageReference "firebase-ios-sdk" */,
			);
			preferredProjectObjectVersion = 77;
			productRefGroup = 5480DE8B2CF9653A00C21D67 /* Products */;
			projectDirPath = "";
			projectRoot = "";
			targets = (
				5480DE892CF9653A00C21D67 /* WidgetsCollection */,
			);
		};
/* End PBXProject section */

/* Begin PBXResourcesBuildPhase section */
		5480DE882CF9653A00C21D67 /* Resources */ = {
			isa = PBXResourcesBuildPhase;
			buildActionMask = 2147483647;
			files = (
			);
			runOnlyForDeploymentPostprocessing = 0;
		};
/* End PBXResourcesBuildPhase section */

/* Begin PBXShellScriptBuildPhase section */
		1A02E4B76C6ADACF602EAC6E /* [CP] Check Pods Manifest.lock */ = {
			isa = PBXShellScriptBuildPhase;
			buildActionMask = 2147483647;
			files = (
			);
			inputFileListPaths = (
			);
			inputPaths = (
				"${PODS_PODFILE_DIR_PATH}/Podfile.lock",
				"${PODS_ROOT}/Manifest.lock",
			);
			name = "[CP] Check Pods Manifest.lock";
			outputFileListPaths = (
			);
			outputPaths = (
				"$(DERIVED_FILE_DIR)/Pods-WidgetsCollection-checkManifestLockResult.txt",
			);
			runOnlyForDeploymentPostprocessing = 0;
			shellPath = /bin/sh;
			shellScript = "diff \"${PODS_PODFILE_DIR_PATH}/Podfile.lock\" \"${PODS_ROOT}/Manifest.lock\" > /dev/null\nif [ $? != 0 ] ; then\n    # print error to STDERR\n    echo \"error: The sandbox is not in sync with the Podfile.lock. Run 'pod install' or update your CocoaPods installation.\" >&2\n    exit 1\nfi\n# This output is used by Xcode 'outputs' to avoid re-running this script phase.\necho \"SUCCESS\" > \"${SCRIPT_OUTPUT_FILE_0}\"\n";
			showEnvVarsInLog = 0;
		};
		5480E1CB2CF968D600C21D67 /* R.Swift */ = {
			isa = PBXShellScriptBuildPhase;
			buildActionMask = 2147483647;
			files = (
			);
			inputFileListPaths = (
			);
			inputPaths = (
			);
			name = R.Swift;
			outputFileListPaths = (
			);
			outputPaths = (
			);
			runOnlyForDeploymentPostprocessing = 0;
			shellPath = /bin/sh;
			shellScript = "# Type a script or drag a script file from your workspace to insert its path.\n\"$PODS_ROOT/R.swift/rswift\" generate \"$SRCROOT/WidgetsCollection/R.generated.swift\"\n";
		};
		7C064C196B7B818235613402 /* [CP] Embed Pods Frameworks */ = {
			isa = PBXShellScriptBuildPhase;
			buildActionMask = 2147483647;
			files = (
			);
			inputFileListPaths = (
				"${PODS_ROOT}/Target Support Files/Pods-WidgetsCollection/Pods-WidgetsCollection-frameworks-${CONFIGURATION}-input-files.xcfilelist",
			);
			name = "[CP] Embed Pods Frameworks";
			outputFileListPaths = (
				"${PODS_ROOT}/Target Support Files/Pods-WidgetsCollection/Pods-WidgetsCollection-frameworks-${CONFIGURATION}-output-files.xcfilelist",
			);
			runOnlyForDeploymentPostprocessing = 0;
			shellPath = /bin/sh;
			shellScript = "\"${PODS_ROOT}/Target Support Files/Pods-WidgetsCollection/Pods-WidgetsCollection-frameworks.sh\"\n";
			showEnvVarsInLog = 0;
		};
/* End PBXShellScriptBuildPhase section */

/* Begin PBXSourcesBuildPhase section */
		5480DE862CF9653A00C21D67 /* Sources */ = {
			isa = PBXSourcesBuildPhase;
			buildActionMask = 2147483647;
			files = (
			);
			runOnlyForDeploymentPostprocessing = 0;
		};
/* End PBXSourcesBuildPhase section */

/* Begin XCBuildConfiguration section */
		5480DE9E2CF9653A00C21D67 /* Debug */ = {
			isa = XCBuildConfiguration;
			baseConfigurationReference = FC915174FB2F9AF41EAD11DE /* Pods-WidgetsCollection.debug.xcconfig */;
			buildSettings = {
				ASSETCATALOG_COMPILER_APPICON_NAME = AppIcon;
				ASSETCATALOG_COMPILER_GLOBAL_ACCENT_COLOR_NAME = AccentColor;
				CLANG_ENABLE_MODULES = YES;
				CODE_SIGN_ENTITLEMENTS = WidgetsCollection/WidgetsCollection.entitlements;
				CODE_SIGN_STYLE = Automatic;
				CURRENT_PROJECT_VERSION = 1;
				DEVELOPMENT_TEAM = VQ64C26VZ8;
				FRAMEWORK_SEARCH_PATHS = (
					"$(inherited)",
					"$(PROJECT_DIR)/WidgetsCollection/Resource",
				);
				GENERATE_INFOPLIST_FILE = YES;
				INFOPLIST_FILE = WidgetsCollection/Info.plist;
				INFOPLIST_KEY_NSCameraUsageDescription = "CollectionViewDemo请求使用您的相机以拍照";
				INFOPLIST_KEY_NSFaceIDUsageDescription = "CollectionViewDemo请求访问FaceID以解锁";
				INFOPLIST_KEY_NSHealthClinicalHealthRecordsShareUsageDescription = "CollectionViewDemo请求访问Healthkit Data以训练";
				INFOPLIST_KEY_NSHealthShareUsageDescription = "CollectionViewDemo请求访问Healthkit Data以训练";
				INFOPLIST_KEY_NSHealthUpdateUsageDescription = "CollectionViewDemo请求访问Healthkit Data以训练";
				INFOPLIST_KEY_NSLocationAlwaysAndWhenInUseUsageDescription = "CollectionViewDemo需要始终使用您的位置";
				INFOPLIST_KEY_NSLocationAlwaysUsageDescription = "CollectionViewDemo请求一直使用您的定位";
				INFOPLIST_KEY_NSLocationWhenInUseUsageDescription = "CollectionViewDemo请求在使用时获取您的位置";
				INFOPLIST_KEY_NSMicrophoneUsageDescription = "CollectionViewDemo请求访问麦克风以录像";
				INFOPLIST_KEY_NSPhotoLibraryUsageDescription = "CollectionViewDemo请求访问相册以选择照片";
				INFOPLIST_KEY_UIApplicationSupportsIndirectInputEvents = YES;
				INFOPLIST_KEY_UILaunchStoryboardName = "Launch Screen.storyboard";
				INFOPLIST_KEY_UIMainStoryboardFile = Main;
				INFOPLIST_KEY_UISupportedInterfaceOrientations_iPad = "UIInterfaceOrientationPortrait UIInterfaceOrientationPortraitUpsideDown UIInterfaceOrientationLandscapeLeft UIInterfaceOrientationLandscapeRight";
				INFOPLIST_KEY_UISupportedInterfaceOrientations_iPhone = "UIInterfaceOrientationPortrait UIInterfaceOrientationLandscapeLeft UIInterfaceOrientationLandscapeRight";
				INFOPLIST_KEY_UIUserInterfaceStyle = Light;
				LD_RUNPATH_SEARCH_PATHS = (
					"$(inherited)",
					"@executable_path/Frameworks",
				);
				MARKETING_VERSION = 1.0;
				PRODUCT_BUNDLE_IDENTIFIER = com.lijingke.WidgetsCollection;
				PRODUCT_NAME = "$(TARGET_NAME)";
				SWIFT_EMIT_LOC_STRINGS = YES;
				SWIFT_OBJC_BRIDGING_HEADER = "WidgetsCollection/WidgetsCollection-Bridging-Header.h";
				SWIFT_OPTIMIZATION_LEVEL = "-Onone";
				SWIFT_VERSION = 5.0;
				TARGETED_DEVICE_FAMILY = "1,2";
			};
			name = Debug;
		};
		5480DE9F2CF9653A00C21D67 /* Release */ = {
			isa = XCBuildConfiguration;
			baseConfigurationReference = 04DA310F5AA11C007E59BBD9 /* Pods-WidgetsCollection.release.xcconfig */;
			buildSettings = {
				ASSETCATALOG_COMPILER_APPICON_NAME = AppIcon;
				ASSETCATALOG_COMPILER_GLOBAL_ACCENT_COLOR_NAME = AccentColor;
				CLANG_ENABLE_MODULES = YES;
				CODE_SIGN_ENTITLEMENTS = WidgetsCollection/WidgetsCollection.entitlements;
				CODE_SIGN_STYLE = Automatic;
				CURRENT_PROJECT_VERSION = 1;
				DEVELOPMENT_TEAM = VQ64C26VZ8;
				FRAMEWORK_SEARCH_PATHS = (
					"$(inherited)",
					"$(PROJECT_DIR)/WidgetsCollection/Resource",
				);
				GENERATE_INFOPLIST_FILE = YES;
				INFOPLIST_FILE = WidgetsCollection/Info.plist;
				INFOPLIST_KEY_NSCameraUsageDescription = "CollectionViewDemo请求使用您的相机以拍照";
				INFOPLIST_KEY_NSFaceIDUsageDescription = "CollectionViewDemo请求访问FaceID以解锁";
				INFOPLIST_KEY_NSHealthClinicalHealthRecordsShareUsageDescription = "CollectionViewDemo请求访问Healthkit Data以训练";
				INFOPLIST_KEY_NSHealthShareUsageDescription = "CollectionViewDemo请求访问Healthkit Data以训练";
				INFOPLIST_KEY_NSHealthUpdateUsageDescription = "CollectionViewDemo请求访问Healthkit Data以训练";
				INFOPLIST_KEY_NSLocationAlwaysAndWhenInUseUsageDescription = "CollectionViewDemo需要始终使用您的位置";
				INFOPLIST_KEY_NSLocationAlwaysUsageDescription = "CollectionViewDemo请求一直使用您的定位";
				INFOPLIST_KEY_NSLocationWhenInUseUsageDescription = "CollectionViewDemo请求在使用时获取您的位置";
				INFOPLIST_KEY_NSMicrophoneUsageDescription = "CollectionViewDemo请求访问麦克风以录像";
				INFOPLIST_KEY_NSPhotoLibraryUsageDescription = "CollectionViewDemo请求访问相册以选择照片";
				INFOPLIST_KEY_UIApplicationSupportsIndirectInputEvents = YES;
				INFOPLIST_KEY_UILaunchStoryboardName = "Launch Screen.storyboard";
				INFOPLIST_KEY_UIMainStoryboardFile = Main;
				INFOPLIST_KEY_UISupportedInterfaceOrientations_iPad = "UIInterfaceOrientationPortrait UIInterfaceOrientationPortraitUpsideDown UIInterfaceOrientationLandscapeLeft UIInterfaceOrientationLandscapeRight";
				INFOPLIST_KEY_UISupportedInterfaceOrientations_iPhone = "UIInterfaceOrientationPortrait UIInterfaceOrientationLandscapeLeft UIInterfaceOrientationLandscapeRight";
				INFOPLIST_KEY_UIUserInterfaceStyle = Light;
				LD_RUNPATH_SEARCH_PATHS = (
					"$(inherited)",
					"@executable_path/Frameworks",
				);
				MARKETING_VERSION = 1.0;
				PRODUCT_BUNDLE_IDENTIFIER = com.lijingke.WidgetsCollection;
				PRODUCT_NAME = "$(TARGET_NAME)";
				SWIFT_EMIT_LOC_STRINGS = YES;
				SWIFT_OBJC_BRIDGING_HEADER = "WidgetsCollection/WidgetsCollection-Bridging-Header.h";
				SWIFT_VERSION = 5.0;
				TARGETED_DEVICE_FAMILY = "1,2";
			};
			name = Release;
		};
		5480DEA02CF9653A00C21D67 /* Debug */ = {
			isa = XCBuildConfiguration;
			buildSettings = {
				ALWAYS_SEARCH_USER_PATHS = NO;
				ASSETCATALOG_COMPILER_GENERATE_SWIFT_ASSET_SYMBOL_EXTENSIONS = YES;
				CLANG_ANALYZER_LOCALIZABILITY_NONLOCALIZED = YES;
				CLANG_ANALYZER_NONNULL = YES;
				CLANG_ANALYZER_NUMBER_OBJECT_CONVERSION = YES_AGGRESSIVE;
				CLANG_CXX_LANGUAGE_STANDARD = "gnu++20";
				CLANG_ENABLE_MODULES = YES;
				CLANG_ENABLE_OBJC_ARC = YES;
				CLANG_ENABLE_OBJC_WEAK = YES;
				CLANG_WARN_BLOCK_CAPTURE_AUTORELEASING = YES;
				CLANG_WARN_BOOL_CONVERSION = YES;
				CLANG_WARN_COMMA = YES;
				CLANG_WARN_CONSTANT_CONVERSION = YES;
				CLANG_WARN_DEPRECATED_OBJC_IMPLEMENTATIONS = YES;
				CLANG_WARN_DIRECT_OBJC_ISA_USAGE = YES_ERROR;
				CLANG_WARN_DOCUMENTATION_COMMENTS = YES;
				CLANG_WARN_EMPTY_BODY = YES;
				CLANG_WARN_ENUM_CONVERSION = YES;
				CLANG_WARN_INFINITE_RECURSION = YES;
				CLANG_WARN_INT_CONVERSION = YES;
				CLANG_WARN_NON_LITERAL_NULL_CONVERSION = YES;
				CLANG_WARN_OBJC_IMPLICIT_RETAIN_SELF = YES;
				CLANG_WARN_OBJC_LITERAL_CONVERSION = YES;
				CLANG_WARN_OBJC_ROOT_CLASS = YES_ERROR;
				CLANG_WARN_QUOTED_INCLUDE_IN_FRAMEWORK_HEADER = YES;
				CLANG_WARN_RANGE_LOOP_ANALYSIS = YES;
				CLANG_WARN_STRICT_PROTOTYPES = YES;
				CLANG_WARN_SUSPICIOUS_MOVE = YES;
				CLANG_WARN_UNGUARDED_AVAILABILITY = YES_AGGRESSIVE;
				CLANG_WARN_UNREACHABLE_CODE = YES;
				CLANG_WARN__DUPLICATE_METHOD_MATCH = YES;
				COPY_PHASE_STRIP = NO;
				DEBUG_INFORMATION_FORMAT = dwarf;
				ENABLE_STRICT_OBJC_MSGSEND = YES;
				ENABLE_TESTABILITY = YES;
				ENABLE_USER_SCRIPT_SANDBOXING = YES;
				GCC_C_LANGUAGE_STANDARD = gnu17;
				GCC_DYNAMIC_NO_PIC = NO;
				GCC_NO_COMMON_BLOCKS = YES;
				GCC_OPTIMIZATION_LEVEL = 0;
				GCC_PREPROCESSOR_DEFINITIONS = (
					"DEBUG=1",
					"$(inherited)",
				);
				GCC_WARN_64_TO_32_BIT_CONVERSION = YES;
				GCC_WARN_ABOUT_RETURN_TYPE = YES_ERROR;
				GCC_WARN_UNDECLARED_SELECTOR = YES;
				GCC_WARN_UNINITIALIZED_AUTOS = YES_AGGRESSIVE;
				GCC_WARN_UNUSED_FUNCTION = YES;
				GCC_WARN_UNUSED_VARIABLE = YES;
				IPHONEOS_DEPLOYMENT_TARGET = 18.1;
				LOCALIZATION_PREFERS_STRING_CATALOGS = YES;
				MTL_ENABLE_DEBUG_INFO = INCLUDE_SOURCE;
				MTL_FAST_MATH = YES;
				ONLY_ACTIVE_ARCH = YES;
				SDKROOT = iphoneos;
				SWIFT_ACTIVE_COMPILATION_CONDITIONS = "DEBUG $(inherited)";
				SWIFT_OPTIMIZATION_LEVEL = "-Onone";
			};
			name = Debug;
		};
		5480DEA12CF9653A00C21D67 /* Release */ = {
			isa = XCBuildConfiguration;
			buildSettings = {
				ALWAYS_SEARCH_USER_PATHS = NO;
				ASSETCATALOG_COMPILER_GENERATE_SWIFT_ASSET_SYMBOL_EXTENSIONS = YES;
				CLANG_ANALYZER_LOCALIZABILITY_NONLOCALIZED = YES;
				CLANG_ANALYZER_NONNULL = YES;
				CLANG_ANALYZER_NUMBER_OBJECT_CONVERSION = YES_AGGRESSIVE;
				CLANG_CXX_LANGUAGE_STANDARD = "gnu++20";
				CLANG_ENABLE_MODULES = YES;
				CLANG_ENABLE_OBJC_ARC = YES;
				CLANG_ENABLE_OBJC_WEAK = YES;
				CLANG_WARN_BLOCK_CAPTURE_AUTORELEASING = YES;
				CLANG_WARN_BOOL_CONVERSION = YES;
				CLANG_WARN_COMMA = YES;
				CLANG_WARN_CONSTANT_CONVERSION = YES;
				CLANG_WARN_DEPRECATED_OBJC_IMPLEMENTATIONS = YES;
				CLANG_WARN_DIRECT_OBJC_ISA_USAGE = YES_ERROR;
				CLANG_WARN_DOCUMENTATION_COMMENTS = YES;
				CLANG_WARN_EMPTY_BODY = YES;
				CLANG_WARN_ENUM_CONVERSION = YES;
				CLANG_WARN_INFINITE_RECURSION = YES;
				CLANG_WARN_INT_CONVERSION = YES;
				CLANG_WARN_NON_LITERAL_NULL_CONVERSION = YES;
				CLANG_WARN_OBJC_IMPLICIT_RETAIN_SELF = YES;
				CLANG_WARN_OBJC_LITERAL_CONVERSION = YES;
				CLANG_WARN_OBJC_ROOT_CLASS = YES_ERROR;
				CLANG_WARN_QUOTED_INCLUDE_IN_FRAMEWORK_HEADER = YES;
				CLANG_WARN_RANGE_LOOP_ANALYSIS = YES;
				CLANG_WARN_STRICT_PROTOTYPES = YES;
				CLANG_WARN_SUSPICIOUS_MOVE = YES;
				CLANG_WARN_UNGUARDED_AVAILABILITY = YES_AGGRESSIVE;
				CLANG_WARN_UNREACHABLE_CODE = YES;
				CLANG_WARN__DUPLICATE_METHOD_MATCH = YES;
				COPY_PHASE_STRIP = NO;
				DEBUG_INFORMATION_FORMAT = "dwarf-with-dsym";
				ENABLE_NS_ASSERTIONS = NO;
				ENABLE_STRICT_OBJC_MSGSEND = YES;
				ENABLE_USER_SCRIPT_SANDBOXING = YES;
				GCC_C_LANGUAGE_STANDARD = gnu17;
				GCC_NO_COMMON_BLOCKS = YES;
				GCC_WARN_64_TO_32_BIT_CONVERSION = YES;
				GCC_WARN_ABOUT_RETURN_TYPE = YES_ERROR;
				GCC_WARN_UNDECLARED_SELECTOR = YES;
				GCC_WARN_UNINITIALIZED_AUTOS = YES_AGGRESSIVE;
				GCC_WARN_UNUSED_FUNCTION = YES;
				GCC_WARN_UNUSED_VARIABLE = YES;
				IPHONEOS_DEPLOYMENT_TARGET = 18.1;
				LOCALIZATION_PREFERS_STRING_CATALOGS = YES;
				MTL_ENABLE_DEBUG_INFO = NO;
				MTL_FAST_MATH = YES;
				SDKROOT = iphoneos;
				SWIFT_COMPILATION_MODE = wholemodule;
				VALIDATE_PRODUCT = YES;
			};
			name = Release;
		};
/* End XCBuildConfiguration section */

/* Begin XCConfigurationList section */
		5480DE852CF9653A00C21D67 /* Build configuration list for PBXProject "WidgetsCollection" */ = {
			isa = XCConfigurationList;
			buildConfigurations = (
				5480DEA02CF9653A00C21D67 /* Debug */,
				5480DEA12CF9653A00C21D67 /* Release */,
			);
			defaultConfigurationIsVisible = 0;
			defaultConfigurationName = Release;
		};
		5480DE9D2CF9653A00C21D67 /* Build configuration list for PBXNativeTarget "WidgetsCollection" */ = {
			isa = XCConfigurationList;
			buildConfigurations = (
				5480DE9E2CF9653A00C21D67 /* Debug */,
				5480DE9F2CF9653A00C21D67 /* Release */,
			);
			defaultConfigurationIsVisible = 0;
			defaultConfigurationName = Release;
		};
/* End XCConfigurationList section */

/* Begin XCRemoteSwiftPackageReference section */
		5400309B2D0C33A700F56D75 /* XCRemoteSwiftPackageReference "firebase-ios-sdk" */ = {
			isa = XCRemoteSwiftPackageReference;
			repositoryURL = "https://github.com/firebase/firebase-ios-sdk";
			requirement = {
				kind = upToNextMajorVersion;
				minimumVersion = 11.6.0;
			};
		};
		54A3BDEB2D004318004FB071 /* XCRemoteSwiftPackageReference "SFSymbols" */ = {
			isa = XCRemoteSwiftPackageReference;
			repositoryURL = "https://github.com/Rspoon3/SFSymbols";
			requirement = {
				kind = upToNextMajorVersion;
				minimumVersion = 2.6.0;
			};
		};
/* End XCRemoteSwiftPackageReference section */

/* Begin XCSwiftPackageProductDependency section */
		5400309C2D0C33A700F56D75 /* FirebaseAnalytics */ = {
			isa = XCSwiftPackageProductDependency;
			package = 5400309B2D0C33A700F56D75 /* XCRemoteSwiftPackageReference "firebase-ios-sdk" */;
			productName = FirebaseAnalytics;
		};
		54A3BDEC2D004318004FB071 /* SFSymbols */ = {
			isa = XCSwiftPackageProductDependency;
			package = 54A3BDEB2D004318004FB071 /* XCRemoteSwiftPackageReference "SFSymbols" */;
			productName = SFSymbols;
		};
/* End XCSwiftPackageProductDependency section */
	};
	rootObject = 5480DE822CF9653A00C21D67 /* Project object */;
}
